// !$*UTF8*$!
{
	archiveVersion = 1;
	classes = {
	};
	objectVersion = 47;
	objects = {

/* Begin PBXBuildFile section */
		E971633D1BF4E61300BDEE77 /* AppDelegate.swift in Sources */ = {isa = PBXBuildFile; fileRef = E971633C1BF4E61300BDEE77 /* AppDelegate.swift */; };
		E971633F1BF4E61300BDEE77 /* ViewController.swift in Sources */ = {isa = PBXBuildFile; fileRef = E971633E1BF4E61300BDEE77 /* ViewController.swift */; };
		E97163421BF4E61300BDEE77 /* Main.storyboard in Resources */ = {isa = PBXBuildFile; fileRef = E97163401BF4E61300BDEE77 /* Main.storyboard */; };
		E97163441BF4E61300BDEE77 /* Assets.xcassets in Resources */ = {isa = PBXBuildFile; fileRef = E97163431BF4E61300BDEE77 /* Assets.xcassets */; };
		E97163471BF4E61300BDEE77 /* LaunchScreen.storyboard in Resources */ = {isa = PBXBuildFile; fileRef = E97163451BF4E61300BDEE77 /* LaunchScreen.storyboard */; };
		E99943861BF5392A00411C45 /* SwiftyJSON.swift in Sources */ = {isa = PBXBuildFile; fileRef = E99943851BF5392A00411C45 /* SwiftyJSON.swift */; };
		E99943881BF53AED00411C45 /* RestApiManager.swift in Sources */ = {isa = PBXBuildFile; fileRef = E99943871BF53AED00411C45 /* RestApiManager.swift */; };
		E99983271C0450DB0093B1A4 /* Fabric.framework in Frameworks */ = {isa = PBXBuildFile; fileRef = E99983251C0450DB0093B1A4 /* Fabric.framework */; };
		E99983281C0450DB0093B1A4 /* Crashlytics.framework in Frameworks */ = {isa = PBXBuildFile; fileRef = E99983261C0450DB0093B1A4 /* Crashlytics.framework */; };
		E9AA7FC21BF7EFE2002758B7 /* TransViewController.swift in Sources */ = {isa = PBXBuildFile; fileRef = E9AA7FC11BF7EFE2002758B7 /* TransViewController.swift */; };
		E9BBCB4B1BF7311100266402 /* Account.swift in Sources */ = {isa = PBXBuildFile; fileRef = E9BBCB4A1BF7311100266402 /* Account.swift */; };
		E9DB9DA11BF8B245009BE601 /* TransItem.swift in Sources */ = {isa = PBXBuildFile; fileRef = E9DB9DA01BF8B245009BE601 /* TransItem.swift */; };
		E9E625FD1BF66D46002E74A5 /* CustomCell.swift in Sources */ = {isa = PBXBuildFile; fileRef = E9E625FC1BF66D46002E74A5 /* CustomCell.swift */; };
		E9E626011BF68830002E74A5 /* DetailViewController.swift in Sources */ = {isa = PBXBuildFile; fileRef = E9E626001BF68830002E74A5 /* DetailViewController.swift */; };
/* End PBXBuildFile section */

/* Begin PBXFileReference section */
		E97163391BF4E61300BDEE77 /* TransAcc.app */ = {isa = PBXFileReference; explicitFileType = wrapper.application; includeInIndex = 0; path = TransAcc.app; sourceTree = BUILT_PRODUCTS_DIR; };
		E971633C1BF4E61300BDEE77 /* AppDelegate.swift */ = {isa = PBXFileReference; lastKnownFileType = sourcecode.swift; name = AppDelegate.swift; path = "Supporting Files/AppDelegate.swift"; sourceTree = "<group>"; };
		E971633E1BF4E61300BDEE77 /* ViewController.swift */ = {isa = PBXFileReference; lastKnownFileType = sourcecode.swift; name = ViewController.swift; path = Controllers/ViewController.swift; sourceTree = "<group>"; };
		E97163411BF4E61300BDEE77 /* Base */ = {isa = PBXFileReference; lastKnownFileType = file.storyboard; name = Base; path = Base.lproj/Main.storyboard; sourceTree = "<group>"; };
		E97163431BF4E61300BDEE77 /* Assets.xcassets */ = {isa = PBXFileReference; lastKnownFileType = folder.assetcatalog; path = Assets.xcassets; sourceTree = "<group>"; };
		E97163461BF4E61300BDEE77 /* Base */ = {isa = PBXFileReference; lastKnownFileType = file.storyboard; name = Base; path = Base.lproj/LaunchScreen.storyboard; sourceTree = "<group>"; };
		E97163481BF4E61300BDEE77 /* Info.plist */ = {isa = PBXFileReference; lastKnownFileType = text.plist.xml; path = Info.plist; sourceTree = "<group>"; };
		E99943851BF5392A00411C45 /* SwiftyJSON.swift */ = {isa = PBXFileReference; fileEncoding = 4; lastKnownFileType = sourcecode.swift; name = SwiftyJSON.swift; path = Resources/SwiftyJSON.swift; sourceTree = "<group>"; };
		E99943871BF53AED00411C45 /* RestApiManager.swift */ = {isa = PBXFileReference; fileEncoding = 4; lastKnownFileType = sourcecode.swift; name = RestApiManager.swift; path = Model/Network/RestApiManager.swift; sourceTree = "<group>"; };
		E99983251C0450DB0093B1A4 /* Fabric.framework */ = {isa = PBXFileReference; lastKnownFileType = wrapper.framework; path = Fabric.framework; sourceTree = "<group>"; };
		E99983261C0450DB0093B1A4 /* Crashlytics.framework */ = {isa = PBXFileReference; lastKnownFileType = wrapper.framework; path = Crashlytics.framework; sourceTree = "<group>"; };
		E9AA7FC11BF7EFE2002758B7 /* TransViewController.swift */ = {isa = PBXFileReference; fileEncoding = 4; lastKnownFileType = sourcecode.swift; name = TransViewController.swift; path = Controllers/TransViewController.swift; sourceTree = "<group>"; };
		E9BBCB4A1BF7311100266402 /* Account.swift */ = {isa = PBXFileReference; fileEncoding = 4; lastKnownFileType = sourcecode.swift; name = Account.swift; path = Model/Account.swift; sourceTree = "<group>"; };
		E9DB9DA01BF8B245009BE601 /* TransItem.swift */ = {isa = PBXFileReference; fileEncoding = 4; lastKnownFileType = sourcecode.swift; name = TransItem.swift; path = Model/TransItem.swift; sourceTree = "<group>"; };
		E9E625FC1BF66D46002E74A5 /* CustomCell.swift */ = {isa = PBXFileReference; fileEncoding = 4; lastKnownFileType = sourcecode.swift; name = CustomCell.swift; path = View/CustomCell.swift; sourceTree = "<group>"; };
		E9E626001BF68830002E74A5 /* DetailViewController.swift */ = {isa = PBXFileReference; fileEncoding = 4; lastKnownFileType = sourcecode.swift; name = DetailViewController.swift; path = Controllers/DetailViewController.swift; sourceTree = "<group>"; };
/* End PBXFileReference section */

/* Begin PBXFrameworksBuildPhase section */
		E97163361BF4E61300BDEE77 /* Frameworks */ = {
			isa = PBXFrameworksBuildPhase;
			buildActionMask = 2147483647;
			files = (
				E99983281C0450DB0093B1A4 /* Crashlytics.framework in Frameworks */,
				E99983271C0450DB0093B1A4 /* Fabric.framework in Frameworks */,
			);
			runOnlyForDeploymentPostprocessing = 0;
		};
/* End PBXFrameworksBuildPhase section */

/* Begin PBXGroup section */
		E97163301BF4E61300BDEE77 = {
			isa = PBXGroup;
			children = (
				E971633B1BF4E61300BDEE77 /* TransAcc */,
				E971633A1BF4E61300BDEE77 /* Products */,
				E99983251C0450DB0093B1A4 /* Fabric.framework */,
				E99983261C0450DB0093B1A4 /* Crashlytics.framework */,
			);
			sourceTree = "<group>";
		};
		E971633A1BF4E61300BDEE77 /* Products */ = {
			isa = PBXGroup;
			children = (
				E97163391BF4E61300BDEE77 /* TransAcc.app */,
			);
			name = Products;
			sourceTree = "<group>";
		};
		E971633B1BF4E61300BDEE77 /* TransAcc */ = {
			isa = PBXGroup;
			children = (
				E9B2CD381BFA0E2000995F8A /* Model */,
				E9B2CD3A1BFA0F3B00995F8A /* View */,
				E9B2CD3D1BFA0FF500995F8A /* Controllers */,
				E9B2CD391BFA0F0D00995F8A /* InterfaceBuilder */,
				E9B2CD3B1BFA0FA600995F8A /* Resources */,
				E9B2CD3C1BFA0FDA00995F8A /* Supporting Files */,
			);
			path = TransAcc;
			sourceTree = "<group>";
		};
		E9B2CD381BFA0E2000995F8A /* Model */ = {
			isa = PBXGroup;
			children = (
				E9DB9DA01BF8B245009BE601 /* TransItem.swift */,
				E9BBCB4A1BF7311100266402 /* Account.swift */,
				E9B2CD3E1BFA102C00995F8A /* Network */,
			);
			name = Model;
			sourceTree = "<group>";
		};
		E9B2CD391BFA0F0D00995F8A /* InterfaceBuilder */ = {
			isa = PBXGroup;
			children = (
				E97163451BF4E61300BDEE77 /* LaunchScreen.storyboard */,
				E97163401BF4E61300BDEE77 /* Main.storyboard */,
			);
			name = InterfaceBuilder;
			sourceTree = "<group>";
		};
		E9B2CD3A1BFA0F3B00995F8A /* View */ = {
			isa = PBXGroup;
			children = (
				E9E625FC1BF66D46002E74A5 /* CustomCell.swift */,
			);
			name = View;
			sourceTree = "<group>";
		};
		E9B2CD3B1BFA0FA600995F8A /* Resources */ = {
			isa = PBXGroup;
			children = (
				E97163431BF4E61300BDEE77 /* Assets.xcassets */,
				E99943851BF5392A00411C45 /* SwiftyJSON.swift */,
			);
			name = Resources;
			sourceTree = "<group>";
		};
		E9B2CD3C1BFA0FDA00995F8A /* Supporting Files */ = {
			isa = PBXGroup;
			children = (
				E97163481BF4E61300BDEE77 /* Info.plist */,
				E971633C1BF4E61300BDEE77 /* AppDelegate.swift */,
			);
			name = "Supporting Files";
			sourceTree = "<group>";
		};
		E9B2CD3D1BFA0FF500995F8A /* Controllers */ = {
			isa = PBXGroup;
			children = (
				E971633E1BF4E61300BDEE77 /* ViewController.swift */,
				E9E626001BF68830002E74A5 /* DetailViewController.swift */,
				E9AA7FC11BF7EFE2002758B7 /* TransViewController.swift */,
			);
			name = Controllers;
			sourceTree = "<group>";
		};
		E9B2CD3E1BFA102C00995F8A /* Network */ = {
			isa = PBXGroup;
			children = (
				E99943871BF53AED00411C45 /* RestApiManager.swift */,
			);
			name = Network;
			sourceTree = "<group>";
		};
/* End PBXGroup section */

/* Begin PBXNativeTarget section */
		E97163381BF4E61300BDEE77 /* TransAcc */ = {
			isa = PBXNativeTarget;
			buildConfigurationList = E971634B1BF4E61300BDEE77 /* Build configuration list for PBXNativeTarget "TransAcc" */;
			buildPhases = (
				E97163351BF4E61300BDEE77 /* Sources */,
				E97163361BF4E61300BDEE77 /* Frameworks */,
				E97163371BF4E61300BDEE77 /* Resources */,
				E99983241C044F810093B1A4 /* ShellScript */,
			);
			buildRules = (
			);
			dependencies = (
			);
			name = TransAcc;
			productName = TransAcc;
			productReference = E97163391BF4E61300BDEE77 /* TransAcc.app */;
			productType = "com.apple.product-type.application";
		};
/* End PBXNativeTarget section */

/* Begin PBXProject section */
		E97163311BF4E61300BDEE77 /* Project object */ = {
			isa = PBXProject;
			attributes = {
				LastSwiftUpdateCheck = 0710;
				LastUpgradeCheck = 0710;
				ORGANIZATIONNAME = "Lubos Sytensky";
				TargetAttributes = {
					E97163381BF4E61300BDEE77 = {
						CreatedOnToolsVersion = 7.1;
					};
				};
			};
			buildConfigurationList = E97163341BF4E61300BDEE77 /* Build configuration list for PBXProject "TransAcc" */;
			compatibilityVersion = "Xcode 6.3";
			developmentRegion = English;
			hasScannedForEncodings = 0;
			knownRegions = (
				en,
				Base,
			);
			mainGroup = E97163301BF4E61300BDEE77;
			productRefGroup = E971633A1BF4E61300BDEE77 /* Products */;
			projectDirPath = "";
			projectRoot = "";
			targets = (
				E97163381BF4E61300BDEE77 /* TransAcc */,
			);
		};
/* End PBXProject section */

/* Begin PBXResourcesBuildPhase section */
		E97163371BF4E61300BDEE77 /* Resources */ = {
			isa = PBXResourcesBuildPhase;
			buildActionMask = 2147483647;
			files = (
				E97163471BF4E61300BDEE77 /* LaunchScreen.storyboard in Resources */,
				E97163441BF4E61300BDEE77 /* Assets.xcassets in Resources */,
				E97163421BF4E61300BDEE77 /* Main.storyboard in Resources */,
			);
			runOnlyForDeploymentPostprocessing = 0;
		};
/* End PBXResourcesBuildPhase section */

/* Begin PBXShellScriptBuildPhase section */
		E99983241C044F810093B1A4 /* ShellScript */ = {
			isa = PBXShellScriptBuildPhase;
			buildActionMask = 2147483647;
			files = (
			);
			inputPaths = (
			);
			outputPaths = (
			);
			runOnlyForDeploymentPostprocessing = 0;
			shellPath = /bin/sh;
			shellScript = "./Fabric.framework/run cfc6fd9cba2e84ef6c522fe544af08d650511003 46750909e415036046c27965e618d1cb8662bfcff53bd180703d61a82b2b62b4";
		};
/* End PBXShellScriptBuildPhase section */

/* Begin PBXSourcesBuildPhase section */
		E97163351BF4E61300BDEE77 /* Sources */ = {
			isa = PBXSourcesBuildPhase;
			buildActionMask = 2147483647;
			files = (
				E99943861BF5392A00411C45 /* SwiftyJSON.swift in Sources */,
				E971633F1BF4E61300BDEE77 /* ViewController.swift in Sources */,
				E99943881BF53AED00411C45 /* RestApiManager.swift in Sources */,
				E9AA7FC21BF7EFE2002758B7 /* TransViewController.swift in Sources */,
				E9E626011BF68830002E74A5 /* DetailViewController.swift in Sources */,
				E9DB9DA11BF8B245009BE601 /* TransItem.swift in Sources */,
				E9E625FD1BF66D46002E74A5 /* CustomCell.swift in Sources */,
				E971633D1BF4E61300BDEE77 /* AppDelegate.swift in Sources */,
				E9BBCB4B1BF7311100266402 /* Account.swift in Sources */,
			);
			runOnlyForDeploymentPostprocessing = 0;
		};
/* End PBXSourcesBuildPhase section */

/* Begin PBXVariantGroup section */
		E97163401BF4E61300BDEE77 /* Main.storyboard */ = {
			isa = PBXVariantGroup;
			children = (
				E97163411BF4E61300BDEE77 /* Base */,
			);
			name = Main.storyboard;
			sourceTree = "<group>";
		};
		E97163451BF4E61300BDEE77 /* LaunchScreen.storyboard */ = {
			isa = PBXVariantGroup;
			children = (
				E97163461BF4E61300BDEE77 /* Base */,
			);
			name = LaunchScreen.storyboard;
			sourceTree = "<group>";
		};
/* End PBXVariantGroup section */

/* Begin XCBuildConfiguration section */
		E97163491BF4E61300BDEE77 /* Debug */ = {
			isa = XCBuildConfiguration;
			buildSettings = {
				ALWAYS_SEARCH_USER_PATHS = NO;
				CLANG_CXX_LANGUAGE_STANDARD = "gnu++0x";
				CLANG_CXX_LIBRARY = "libc++";
				CLANG_ENABLE_MODULES = YES;
				CLANG_ENABLE_OBJC_ARC = YES;
				CLANG_WARN_BOOL_CONVERSION = YES;
				CLANG_WARN_CONSTANT_CONVERSION = YES;
				CLANG_WARN_DIRECT_OBJC_ISA_USAGE = YES_ERROR;
				CLANG_WARN_EMPTY_BODY = YES;
				CLANG_WARN_ENUM_CONVERSION = YES;
				CLANG_WARN_INT_CONVERSION = YES;
				CLANG_WARN_OBJC_ROOT_CLASS = YES_ERROR;
				CLANG_WARN_UNREACHABLE_CODE = YES;
				CLANG_WARN__DUPLICATE_METHOD_MATCH = YES;
				"CODE_SIGN_IDENTITY[sdk=iphoneos*]" = "iPhone Developer";
				COPY_PHASE_STRIP = NO;
				DEBUG_INFORMATION_FORMAT = dwarf;
				ENABLE_STRICT_OBJC_MSGSEND = YES;
				ENABLE_TESTABILITY = YES;
				GCC_C_LANGUAGE_STANDARD = gnu99;
				GCC_DYNAMIC_NO_PIC = NO;
				GCC_NO_COMMON_BLOCKS = YES;
				GCC_OPTIMIZATION_LEVEL = 0;
				GCC_PREPROCESSOR_DEFINITIONS = (
					"DEBUG=1",
					"$(inherited)",
				);
				GCC_WARN_64_TO_32_BIT_CONVERSION = YES;
				GCC_WARN_ABOUT_RETURN_TYPE = YES_ERROR;
				GCC_WARN_UNDECLARED_SELECTOR = YES;
				GCC_WARN_UNINITIALIZED_AUTOS = YES_AGGRESSIVE;
				GCC_WARN_UNUSED_FUNCTION = YES;
				GCC_WARN_UNUSED_VARIABLE = YES;
				IPHONEOS_DEPLOYMENT_TARGET = 9.1;
				MTL_ENABLE_DEBUG_INFO = YES;
				ONLY_ACTIVE_ARCH = YES;
				SDKROOT = iphoneos;
				SWIFT_OPTIMIZATION_LEVEL = "-Onone";
			};
			name = Debug;
		};
		E971634A1BF4E61300BDEE77 /* Release */ = {
			isa = XCBuildConfiguration;
			buildSettings = {
				ALWAYS_SEARCH_USER_PATHS = NO;
				CLANG_CXX_LANGUAGE_STANDARD = "gnu++0x";
				CLANG_CXX_LIBRARY = "libc++";
				CLANG_ENABLE_MODULES = YES;
				CLANG_ENABLE_OBJC_ARC = YES;
				CLANG_WARN_BOOL_CONVERSION = YES;
				CLANG_WARN_CONSTANT_CONVERSION = YES;
				CLANG_WARN_DIRECT_OBJC_ISA_USAGE = YES_ERROR;
				CLANG_WARN_EMPTY_BODY = YES;
				CLANG_WARN_ENUM_CONVERSION = YES;
				CLANG_WARN_INT_CONVERSION = YES;
				CLANG_WARN_OBJC_ROOT_CLASS = YES_ERROR;
				CLANG_WARN_UNREACHABLE_CODE = YES;
				CLANG_WARN__DUPLICATE_METHOD_MATCH = YES;
				"CODE_SIGN_IDENTITY[sdk=iphoneos*]" = "iPhone Developer";
				COPY_PHASE_STRIP = NO;
				DEBUG_INFORMATION_FORMAT = "dwarf-with-dsym";
				ENABLE_NS_ASSERTIONS = NO;
				ENABLE_STRICT_OBJC_MSGSEND = YES;
				GCC_C_LANGUAGE_STANDARD = gnu99;
				GCC_NO_COMMON_BLOCKS = YES;
				GCC_WARN_64_TO_32_BIT_CONVERSION = YES;
				GCC_WARN_ABOUT_RETURN_TYPE = YES_ERROR;
				GCC_WARN_UNDECLARED_SELECTOR = YES;
				GCC_WARN_UNINITIALIZED_AUTOS = YES_AGGRESSIVE;
				GCC_WARN_UNUSED_FUNCTION = YES;
				GCC_WARN_UNUSED_VARIABLE = YES;
				IPHONEOS_DEPLOYMENT_TARGET = 9.1;
				MTL_ENABLE_DEBUG_INFO = NO;
				SDKROOT = iphoneos;
				VALIDATE_PRODUCT = YES;
			};
			name = Release;
		};
		E971634C1BF4E61300BDEE77 /* Debug */ = {
			isa = XCBuildConfiguration;
			buildSettings = {
				ASSETCATALOG_COMPILER_APPICON_NAME = AppIcon;
				CODE_SIGN_IDENTITY = "iPhone Developer";
				DEBUG_INFORMATION_FORMAT = "dwarf-with-dsym";
				FRAMEWORK_SEARCH_PATHS = (
					"$(inherited)",
					"$(PROJECT_DIR)",
				);
				INFOPLIST_FILE = TransAcc/Info.plist;
				LD_RUNPATH_SEARCH_PATHS = "$(inherited) @executable_path/Frameworks";
				PRODUCT_BUNDLE_IDENTIFIER = com.sytensky.TransAcc;
				PRODUCT_NAME = "$(TARGET_NAME)";
			};
			name = Debug;
		};
		E971634D1BF4E61300BDEE77 /* Release */ = {
			isa = XCBuildConfiguration;
			buildSettings = {
				ASSETCATALOG_COMPILER_APPICON_NAME = AppIcon;
				CODE_SIGN_IDENTITY = "iPhone Developer";
				FRAMEWORK_SEARCH_PATHS = (
					"$(inherited)",
					"$(PROJECT_DIR)",
				);
				INFOPLIST_FILE = TransAcc/Info.plist;
				LD_RUNPATH_SEARCH_PATHS = "$(inherited) @executable_path/Frameworks";
				PRODUCT_BUNDLE_IDENTIFIER = com.sytensky.TransAcc;
				PRODUCT_NAME = "$(TARGET_NAME)";
			};
			name = Release;
		};
/* End XCBuildConfiguration section */

/* Begin XCConfigurationList section */
		E97163341BF4E61300BDEE77 /* Build configuration list for PBXProject "TransAcc" */ = {
			isa = XCConfigurationList;
			buildConfigurations = (
				E97163491BF4E61300BDEE77 /* Debug */,
				E971634A1BF4E61300BDEE77 /* Release */,
			);
			defaultConfigurationIsVisible = 0;
			defaultConfigurationName = Release;
		};
		E971634B1BF4E61300BDEE77 /* Build configuration list for PBXNativeTarget "TransAcc" */ = {
			isa = XCConfigurationList;
			buildConfigurations = (
				E971634C1BF4E61300BDEE77 /* Debug */,
				E971634D1BF4E61300BDEE77 /* Release */,
			);
			defaultConfigurationIsVisible = 0;
			defaultConfigurationName = Release;
		};
/* End XCConfigurationList section */
	};
	rootObject = E97163311BF4E61300BDEE77 /* Project object */;
}
